
Microsoft Visual Studio Solution File, Format Version 12.00
# Visual Studio Version 16
VisualStudioVersion = 16.0.31424.327
MinimumVisualStudioVersion = 10.0.40219.1
Project("{9A19103F-16F7-4668-BE54-9A1E7A4F7556}") = "SamuraiApp.Domain", "SamuraiApp.Domain\SamuraiApp.Domain.csproj", "{2C2AA4D5-A049-4593-849D-BB650C6D5052}"
EndProject
Project("{9A19103F-16F7-4668-BE54-9A1E7A4F7556}") = "SamuraiApp.Data", "SamuraiApp.Data\SamuraiApp.Data.csproj", "{FDCC1288-DBC9-4688-9B30-07C6659D14AA}"
EndProject
Project("{9A19103F-16F7-4668-BE54-9A1E7A4F7556}") = "SamuraiApp.UI", "SamuraiApp.UI\SamuraiApp.UI.csproj", "{7A940FC3-D752-4887-9830-EC57B1BA3CFD}"
EndProject
Project("{FAE04EC0-301F-11D3-BF4B-00C04F79EFBC}") = "SamuraiApp.API", "SamuraiApp.API\SamuraiApp.API.csproj", "{18E620E3-8062-4DC7-9846-05700C1313A6}"
EndProject
Project("{FAE04EC0-301F-11D3-BF4B-00C04F79EFBC}") = "SamuraiApp.Test", "SamuraiApp.Test\SamuraiApp.Test.csproj", "{BEB8A8D9-14A9-4A8A-9408-E66BB19F77DF}"
EndProject
Global
	GlobalSection(SolutionConfigurationPlatforms) = preSolution
		Debug|Any CPU = Debug|Any CPU
		Release|Any CPU = Release|Any CPU
	EndGlobalSection
	GlobalSection(ProjectConfigurationPlatforms) = postSolution
		{2C2AA4D5-A049-4593-849D-BB650C6D5052}.Debug|Any CPU.ActiveCfg = Debug|Any CPU
		{2C2AA4D5-A049-4593-849D-BB650C6D5052}.Debug|Any CPU.Build.0 = Debug|Any CPU
		{2C2AA4D5-A049-4593-849D-BB650C6D5052}.Release|Any CPU.ActiveCfg = Release|Any CPU
		{2C2AA4D5-A049-4593-849D-BB650C6D5052}.Release|Any CPU.Build.0 = Release|Any CPU
		{FDCC1288-DBC9-4688-9B30-07C6659D14AA}.Debug|Any CPU.ActiveCfg = Debug|Any CPU
		{FDCC1288-DBC9-4688-9B30-07C6659D14AA}.Debug|Any CPU.Build.0 = Debug|Any CPU
		{FDCC1288-DBC9-4688-9B30-07C6659D14AA}.Release|Any CPU.ActiveCfg = Release|Any CPU
		{FDCC1288-DBC9-4688-9B30-07C6659D14AA}.Release|Any CPU.Build.0 = Release|Any CPU
		{7A940FC3-D752-4887-9830-EC57B1BA3CFD}.Debug|Any CPU.ActiveCfg = Debug|Any CPU
		{7A940FC3-D752-4887-9830-EC57B1BA3CFD}.Debug|Any CPU.Build.0 = Debug|Any CPU
		{7A940FC3-D752-4887-9830-EC57B1BA3CFD}.Release|Any CPU.ActiveCfg = Release|Any CPU
		{7A940FC3-D752-4887-9830-EC57B1BA3CFD}.Release|Any CPU.Build.0 = Release|Any CPU
		{18E620E3-8062-4DC7-9846-05700C1313A6}.Debug|Any CPU.ActiveCfg = Debug|Any CPU
		{18E620E3-8062-4DC7-9846-05700C1313A6}.Debug|Any CPU.Build.0 = Debug|Any CPU
		{18E620E3-8062-4DC7-9846-05700C1313A6}.Release|Any CPU.ActiveCfg = Release|Any CPU
		{18E620E3-8062-4DC7-9846-05700C1313A6}.Release|Any CPU.Build.0 = Release|Any CPU
		{BEB8A8D9-14A9-4A8A-9408-E66BB19F77DF}.Debug|Any CPU.ActiveCfg = Debug|Any CPU
		{BEB8A8D9-14A9-4A8A-9408-E66BB19F77DF}.Debug|Any CPU.Build.0 = Debug|Any CPU
		{BEB8A8D9-14A9-4A8A-9408-E66BB19F77DF}.Release|Any CPU.ActiveCfg = Release|Any CPU
		{BEB8A8D9-14A9-4A8A-9408-E66BB19F77DF}.Release|Any CPU.Build.0 = Release|Any CPU
	EndGlobalSection
	GlobalSection(SolutionProperties) = preSolution
		HideSolutionNode = FALSE
	EndGlobalSection
	GlobalSection(ExtensibilityGlobals) = postSolution
		SolutionGuid = {7FE43FBA-E13E-4CFB-8A81-73BA7BA474C4}
	EndGlobalSection
EndGlobal
